PODS:
  - Flutter (1.0.0)
  - FMDB (2.7.5):
    - FMDB/standard (= 2.7.5)
  - FMDB/standard (2.7.5)
  - kakao_flutter_sdk (0.5.4):
    - Flutter
  - keyboard_visibility (0.5.0):
    - Flutter
    - Reachability
  - package_info (0.0.1):
    - Flutter
  - path_provider (0.0.1):
    - Flutter
  - Reachability (3.2)
  - shared_preferences (0.0.1):
    - Flutter
  - sqflite (0.0.2):
    - Flutter
    - FMDB (>= 2.7.5)

DEPENDENCIES:
  - Flutter (from `Flutter`)
  - kakao_flutter_sdk (from `.symlinks/plugins/kakao_flutter_sdk/ios`)
  - keyboard_visibility (from `.symlinks/plugins/keyboard_visibility/ios`)
  - package_info (from `.symlinks/plugins/package_info/ios`)
  - path_provider (from `.symlinks/plugins/path_provider/ios`)
  - shared_preferences (from `.symlinks/plugins/shared_preferences/ios`)
  - sqflite (from `.symlinks/plugins/sqflite/ios`)

SPEC REPOS:
  trunk:
    - FMDB
    - Reachability

EXTERNAL SOURCES:
  Flutter:
    :path: Flutter
  kakao_flutter_sdk:
    :path: ".symlinks/plugins/kakao_flutter_sdk/ios"
  keyboard_visibility:
    :path: ".symlinks/plugins/keyboard_visibility/ios"
  package_info:
    :path: ".symlinks/plugins/package_info/ios"
  path_provider:
    :path: ".symlinks/plugins/path_provider/ios"
  shared_preferences:
    :path: ".symlinks/plugins/shared_preferences/ios"
  sqflite:
    :path: ".symlinks/plugins/sqflite/ios"

SPEC CHECKSUMS:
  Flutter: 0e3d915762c693b495b44d77113d4970485de6ec
  FMDB: 2ce00b547f966261cd18927a3ddb07cb6f3db82a
  kakao_flutter_sdk: b9b525a2b41cb75a761bea4b48dba4121f58dce1
  keyboard_visibility: 96a24de806fe6823c3ad956c01ba2ec6d056616f
  package_info: 873975fc26034f0b863a300ad47e7f1ac6c7ec62
  path_provider: abfe2b5c733d04e238b0d8691db0cfd63a27a93c
  Reachability: 33e18b67625424e47b6cde6d202dce689ad7af96
  shared_preferences: af6bfa751691cdc24be3045c43ec037377ada40d
  sqflite: 6d358c025f5b867b29ed92fc697fd34924e11904

PODFILE CHECKSUM: 6ab594bc166ea93aa0da65d264743e5d159dc256

COCOAPODS: 1.10.1
